
Microsoft Visual Studio Solution File, Format Version 12.00
# Visual Studio 2013
VisualStudioVersion = 12.0.31101.0
MinimumVisualStudioVersion = 10.0.40219.1
Project("{FAE04EC0-301F-11D3-BF4B-00C04F79EFBC}") = "tax_tip_total_calculator", "tax_tip_total_calculator\tax_tip_total_calculator.csproj", "{D0A5E4E0-E68E-46C7-A0EF-9755286538C0}"
EndProject
Global
	GlobalSection(SolutionConfigurationPlatforms) = preSolution
		Debug|Any CPU = Debug|Any CPU
		Release|Any CPU = Release|Any CPU
	EndGlobalSection
	GlobalSection(ProjectConfigurationPlatforms) = postSolution
		{D0A5E4E0-E68E-46C7-A0EF-9755286538C0}.Debug|Any CPU.ActiveCfg = Debug|Any CPU
		{D0A5E4E0-E68E-46C7-A0EF-9755286538C0}.Debug|Any CPU.Build.0 = Debug|Any CPU
		{D0A5E4E0-E68E-46C7-A0EF-9755286538C0}.Release|Any CPU.ActiveCfg = Release|Any CPU
		{D0A5E4E0-E68E-46C7-A0EF-9755286538C0}.Release|Any CPU.Build.0 = Release|Any CPU
	EndGlobalSection
	GlobalSection(SolutionProperties) = preSolution
		HideSolutionNode = FALSE
	EndGlobalSection
EndGlobal
